
Microsoft Visual Studio Solution File, Format Version 12.00
# Visual Studio 15
VisualStudioVersion = 15.0.28307.106
MinimumVisualStudioVersion = 10.0.40219.1
Project("{FAE04EC0-301F-11D3-BF4B-00C04F79EFBC}") = "FractalPainter", "FractalPainter\FractalPainter.csproj", "{2A3ACF0E-1D07-4A1A-8320-F99DC2DE791F}"
EndProject
Project("{FAE04EC0-301F-11D3-BF4B-00C04F79EFBC}") = "TagCloud", "TagCloud\TagCloud.csproj", "{BB63A94E-379D-4D8B-8CFE-39F5FCD255E0}"
EndProject
Project("{FAE04EC0-301F-11D3-BF4B-00C04F79EFBC}") = "TagCloudTests", "TagCloudTests\TagCloudTests.csproj", "{420E1A29-48CF-4A5A-8CB2-5ECF5A96E508}"
EndProject
Global
	GlobalSection(SolutionConfigurationPlatforms) = preSolution
		Debug|Any CPU = Debug|Any CPU
		Release|Any CPU = Release|Any CPU
	EndGlobalSection
	GlobalSection(ProjectConfigurationPlatforms) = postSolution
		{2A3ACF0E-1D07-4A1A-8320-F99DC2DE791F}.Debug|Any CPU.ActiveCfg = Debug|Any CPU
		{2A3ACF0E-1D07-4A1A-8320-F99DC2DE791F}.Debug|Any CPU.Build.0 = Debug|Any CPU
		{2A3ACF0E-1D07-4A1A-8320-F99DC2DE791F}.Release|Any CPU.ActiveCfg = Release|Any CPU
		{2A3ACF0E-1D07-4A1A-8320-F99DC2DE791F}.Release|Any CPU.Build.0 = Release|Any CPU
		{BB63A94E-379D-4D8B-8CFE-39F5FCD255E0}.Debug|Any CPU.ActiveCfg = Debug|Any CPU
		{BB63A94E-379D-4D8B-8CFE-39F5FCD255E0}.Debug|Any CPU.Build.0 = Debug|Any CPU
		{BB63A94E-379D-4D8B-8CFE-39F5FCD255E0}.Release|Any CPU.ActiveCfg = Release|Any CPU
		{BB63A94E-379D-4D8B-8CFE-39F5FCD255E0}.Release|Any CPU.Build.0 = Release|Any CPU
		{420E1A29-48CF-4A5A-8CB2-5ECF5A96E508}.Debug|Any CPU.ActiveCfg = Debug|Any CPU
		{420E1A29-48CF-4A5A-8CB2-5ECF5A96E508}.Debug|Any CPU.Build.0 = Debug|Any CPU
		{420E1A29-48CF-4A5A-8CB2-5ECF5A96E508}.Release|Any CPU.ActiveCfg = Release|Any CPU
		{420E1A29-48CF-4A5A-8CB2-5ECF5A96E508}.Release|Any CPU.Build.0 = Release|Any CPU
	EndGlobalSection
	GlobalSection(SolutionProperties) = preSolution
		HideSolutionNode = FALSE
	EndGlobalSection
	GlobalSection(ExtensibilityGlobals) = postSolution
		SolutionGuid = {503E4B06-599D-447F-B485-E506CF7334CB}
	EndGlobalSection
EndGlobal
